
Microsoft Visual Studio Solution File, Format Version 12.00
# Visual Studio Version 16
VisualStudioVersion = 16.0.30011.22
MinimumVisualStudioVersion = 10.0.40219.1
Project("{FAE04EC0-301F-11D3-BF4B-00C04F79EFBC}") = "SongInfoViewer", "SongInfoViewer\SongInfoViewer.csproj", "{2A012693-439A-4854-8ADA-F9AC98D3BF74}"
EndProject
Global
	GlobalSection(SolutionConfigurationPlatforms) = preSolution
		Debug|Any CPU = Debug|Any CPU
		Release|Any CPU = Release|Any CPU
	EndGlobalSection
	GlobalSection(ProjectConfigurationPlatforms) = postSolution
		{2A012693-439A-4854-8ADA-F9AC98D3BF74}.Debug|Any CPU.ActiveCfg = Debug|Any CPU
		{2A012693-439A-4854-8ADA-F9AC98D3BF74}.Debug|Any CPU.Build.0 = Debug|Any CPU
		{2A012693-439A-4854-8ADA-F9AC98D3BF74}.Release|Any CPU.ActiveCfg = Release|Any CPU
		{2A012693-439A-4854-8ADA-F9AC98D3BF74}.Release|Any CPU.Build.0 = Release|Any CPU
	EndGlobalSection
	GlobalSection(SolutionProperties) = preSolution
		HideSolutionNode = FALSE
	EndGlobalSection
	GlobalSection(ExtensibilityGlobals) = postSolution
		SolutionGuid = {04586970-0F6F-46DA-90D8-A1E417A0D3E0}
	EndGlobalSection
EndGlobal
